// !$*UTF8*$!
{
	archiveVersion = 1;
	classes = {
	};
	objectVersion = 51;
	objects = {

/* Begin PBXBuildFile section */
		291040D7FF21779114E8906B /* Pods_TrackMe.framework in Frameworks */ = {isa = PBXBuildFile; fileRef = B608E622A63251A81E378665 /* Pods_TrackMe.framework */; };
		3E0CF2792648AEED0027B215 /* AppDelegate.swift in Sources */ = {isa = PBXBuildFile; fileRef = 3E0CF2782648AEED0027B215 /* AppDelegate.swift */; };
		3E0CF27D2648AEED0027B215 /* ViewController.swift in Sources */ = {isa = PBXBuildFile; fileRef = 3E0CF27C2648AEED0027B215 /* ViewController.swift */; };
		3E0CF2802648AEED0027B215 /* Main.storyboard in Resources */ = {isa = PBXBuildFile; fileRef = 3E0CF27E2648AEED0027B215 /* Main.storyboard */; };
		3E0CF2832648AEED0027B215 /* TrackMe.xcdatamodeld in Sources */ = {isa = PBXBuildFile; fileRef = 3E0CF2812648AEED0027B215 /* TrackMe.xcdatamodeld */; };
		3E0CF2852648AEEF0027B215 /* Assets.xcassets in Resources */ = {isa = PBXBuildFile; fileRef = 3E0CF2842648AEEF0027B215 /* Assets.xcassets */; };
		3E0CF2882648AEEF0027B215 /* LaunchScreen.storyboard in Resources */ = {isa = PBXBuildFile; fileRef = 3E0CF2862648AEEF0027B215 /* LaunchScreen.storyboard */; };
		3E0CF2932648AEEF0027B215 /* TrackMeTests.swift in Sources */ = {isa = PBXBuildFile; fileRef = 3E0CF2922648AEEF0027B215 /* TrackMeTests.swift */; };
		3E0CF29E2648AEEF0027B215 /* TrackMeUITests.swift in Sources */ = {isa = PBXBuildFile; fileRef = 3E0CF29D2648AEEF0027B215 /* TrackMeUITests.swift */; };
		3E0CF2B42648BF310027B215 /* LoginStoryboard.storyboard in Resources */ = {isa = PBXBuildFile; fileRef = 3E0CF2B32648BF310027B215 /* LoginStoryboard.storyboard */; };
		3E0CF2CA2648C2120027B215 /* LoginPresenter.swift in Sources */ = {isa = PBXBuildFile; fileRef = 3E0CF2C32648C2120027B215 /* LoginPresenter.swift */; };
		3E0CF2CB2648C2120027B215 /* LoginLocalDataManager.swift in Sources */ = {isa = PBXBuildFile; fileRef = 3E0CF2C42648C2120027B215 /* LoginLocalDataManager.swift */; };
		3E0CF2CC2648C2120027B215 /* LoginProtocols.swift in Sources */ = {isa = PBXBuildFile; fileRef = 3E0CF2C52648C2120027B215 /* LoginProtocols.swift */; };
		3E0CF2CD2648C2120027B215 /* LoginInteractor.swift in Sources */ = {isa = PBXBuildFile; fileRef = 3E0CF2C62648C2120027B215 /* LoginInteractor.swift */; };
		3E0CF2CE2648C2120027B215 /* LoginView.swift in Sources */ = {isa = PBXBuildFile; fileRef = 3E0CF2C72648C2120027B215 /* LoginView.swift */; };
		3E0CF2CF2648C2120027B215 /* LoginRemoteDataManager.swift in Sources */ = {isa = PBXBuildFile; fileRef = 3E0CF2C82648C2120027B215 /* LoginRemoteDataManager.swift */; };
		3E0CF2D02648C2120027B215 /* LoginWireFrame.swift in Sources */ = {isa = PBXBuildFile; fileRef = 3E0CF2C92648C2120027B215 /* LoginWireFrame.swift */; };
		4AAF435E6F33FD2824707683 /* Pods_TrackMeTests.framework in Frameworks */ = {isa = PBXBuildFile; fileRef = 6C3E09C0C4722C9755DC70BB /* Pods_TrackMeTests.framework */; };
		8FE25FCE8CA218D9271AE5BB /* Pods_TrackMe_TrackMeUITests.framework in Frameworks */ = {isa = PBXBuildFile; fileRef = C0772FF2EF54554349C6111E /* Pods_TrackMe_TrackMeUITests.framework */; };
/* End PBXBuildFile section */

/* Begin PBXContainerItemProxy section */
		3E0CF28F2648AEEF0027B215 /* PBXContainerItemProxy */ = {
			isa = PBXContainerItemProxy;
			containerPortal = 3E0CF26D2648AEED0027B215 /* Project object */;
			proxyType = 1;
			remoteGlobalIDString = 3E0CF2742648AEED0027B215;
			remoteInfo = TrackMe;
		};
		3E0CF29A2648AEEF0027B215 /* PBXContainerItemProxy */ = {
			isa = PBXContainerItemProxy;
			containerPortal = 3E0CF26D2648AEED0027B215 /* Project object */;
			proxyType = 1;
			remoteGlobalIDString = 3E0CF2742648AEED0027B215;
			remoteInfo = TrackMe;
		};
/* End PBXContainerItemProxy section */

/* Begin PBXFileReference section */
		1FBB08F71B3FF4ECAB8803E9 /* Pods-TrackMeTests.release.xcconfig */ = {isa = PBXFileReference; includeInIndex = 1; lastKnownFileType = text.xcconfig; name = "Pods-TrackMeTests.release.xcconfig"; path = "Target Support Files/Pods-TrackMeTests/Pods-TrackMeTests.release.xcconfig"; sourceTree = "<group>"; };
		3AE316CD1AC0C2BF76C43C89 /* Pods-TrackMeTests.debug.xcconfig */ = {isa = PBXFileReference; includeInIndex = 1; lastKnownFileType = text.xcconfig; name = "Pods-TrackMeTests.debug.xcconfig"; path = "Target Support Files/Pods-TrackMeTests/Pods-TrackMeTests.debug.xcconfig"; sourceTree = "<group>"; };
		3E0CF2752648AEED0027B215 /* TrackMe.app */ = {isa = PBXFileReference; explicitFileType = wrapper.application; includeInIndex = 0; path = TrackMe.app; sourceTree = BUILT_PRODUCTS_DIR; };
		3E0CF2782648AEED0027B215 /* AppDelegate.swift */ = {isa = PBXFileReference; lastKnownFileType = sourcecode.swift; path = AppDelegate.swift; sourceTree = "<group>"; };
		3E0CF27C2648AEED0027B215 /* ViewController.swift */ = {isa = PBXFileReference; lastKnownFileType = sourcecode.swift; path = ViewController.swift; sourceTree = "<group>"; };
		3E0CF27F2648AEED0027B215 /* Base */ = {isa = PBXFileReference; lastKnownFileType = file.storyboard; name = Base; path = Base.lproj/Main.storyboard; sourceTree = "<group>"; };
		3E0CF2822648AEED0027B215 /* TrackMe.xcdatamodel */ = {isa = PBXFileReference; lastKnownFileType = wrapper.xcdatamodel; path = TrackMe.xcdatamodel; sourceTree = "<group>"; };
		3E0CF2842648AEEF0027B215 /* Assets.xcassets */ = {isa = PBXFileReference; lastKnownFileType = folder.assetcatalog; path = Assets.xcassets; sourceTree = "<group>"; };
		3E0CF2872648AEEF0027B215 /* Base */ = {isa = PBXFileReference; lastKnownFileType = file.storyboard; name = Base; path = Base.lproj/LaunchScreen.storyboard; sourceTree = "<group>"; };
		3E0CF2892648AEEF0027B215 /* Info.plist */ = {isa = PBXFileReference; lastKnownFileType = text.plist.xml; path = Info.plist; sourceTree = "<group>"; };
		3E0CF28E2648AEEF0027B215 /* TrackMeTests.xctest */ = {isa = PBXFileReference; explicitFileType = wrapper.cfbundle; includeInIndex = 0; path = TrackMeTests.xctest; sourceTree = BUILT_PRODUCTS_DIR; };
		3E0CF2922648AEEF0027B215 /* TrackMeTests.swift */ = {isa = PBXFileReference; lastKnownFileType = sourcecode.swift; path = TrackMeTests.swift; sourceTree = "<group>"; };
		3E0CF2942648AEEF0027B215 /* Info.plist */ = {isa = PBXFileReference; lastKnownFileType = text.plist.xml; path = Info.plist; sourceTree = "<group>"; };
		3E0CF2992648AEEF0027B215 /* TrackMeUITests.xctest */ = {isa = PBXFileReference; explicitFileType = wrapper.cfbundle; includeInIndex = 0; path = TrackMeUITests.xctest; sourceTree = BUILT_PRODUCTS_DIR; };
		3E0CF29D2648AEEF0027B215 /* TrackMeUITests.swift */ = {isa = PBXFileReference; lastKnownFileType = sourcecode.swift; path = TrackMeUITests.swift; sourceTree = "<group>"; };
		3E0CF29F2648AEEF0027B215 /* Info.plist */ = {isa = PBXFileReference; lastKnownFileType = text.plist.xml; path = Info.plist; sourceTree = "<group>"; };
		3E0CF2B32648BF310027B215 /* LoginStoryboard.storyboard */ = {isa = PBXFileReference; lastKnownFileType = file.storyboard; path = LoginStoryboard.storyboard; sourceTree = "<group>"; };
		3E0CF2C32648C2120027B215 /* LoginPresenter.swift */ = {isa = PBXFileReference; lastKnownFileType = sourcecode.swift; path = LoginPresenter.swift; sourceTree = "<group>"; };
		3E0CF2C42648C2120027B215 /* LoginLocalDataManager.swift */ = {isa = PBXFileReference; lastKnownFileType = sourcecode.swift; path = LoginLocalDataManager.swift; sourceTree = "<group>"; };
		3E0CF2C52648C2120027B215 /* LoginProtocols.swift */ = {isa = PBXFileReference; lastKnownFileType = sourcecode.swift; path = LoginProtocols.swift; sourceTree = "<group>"; };
		3E0CF2C62648C2120027B215 /* LoginInteractor.swift */ = {isa = PBXFileReference; lastKnownFileType = sourcecode.swift; path = LoginInteractor.swift; sourceTree = "<group>"; };
		3E0CF2C72648C2120027B215 /* LoginView.swift */ = {isa = PBXFileReference; lastKnownFileType = sourcecode.swift; path = LoginView.swift; sourceTree = "<group>"; };
		3E0CF2C82648C2120027B215 /* LoginRemoteDataManager.swift */ = {isa = PBXFileReference; lastKnownFileType = sourcecode.swift; path = LoginRemoteDataManager.swift; sourceTree = "<group>"; };
		3E0CF2C92648C2120027B215 /* LoginWireFrame.swift */ = {isa = PBXFileReference; lastKnownFileType = sourcecode.swift; path = LoginWireFrame.swift; sourceTree = "<group>"; };
		3E0CF2D92648EB670027B215 /* TrackMe.entitlements */ = {isa = PBXFileReference; lastKnownFileType = text.plist.entitlements; path = TrackMe.entitlements; sourceTree = "<group>"; };
		4F6397003BFAB88E90E8E75F /* Pods-TrackMe.debug.xcconfig */ = {isa = PBXFileReference; includeInIndex = 1; lastKnownFileType = text.xcconfig; name = "Pods-TrackMe.debug.xcconfig"; path = "Target Support Files/Pods-TrackMe/Pods-TrackMe.debug.xcconfig"; sourceTree = "<group>"; };
		6C3E09C0C4722C9755DC70BB /* Pods_TrackMeTests.framework */ = {isa = PBXFileReference; explicitFileType = wrapper.framework; includeInIndex = 0; path = Pods_TrackMeTests.framework; sourceTree = BUILT_PRODUCTS_DIR; };
		88C4809DF6F61E67B396E257 /* Pods-TrackMe.release.xcconfig */ = {isa = PBXFileReference; includeInIndex = 1; lastKnownFileType = text.xcconfig; name = "Pods-TrackMe.release.xcconfig"; path = "Target Support Files/Pods-TrackMe/Pods-TrackMe.release.xcconfig"; sourceTree = "<group>"; };
		8D7C2D10AF6A9844F8323C91 /* Pods-TrackMe-TrackMeUITests.release.xcconfig */ = {isa = PBXFileReference; includeInIndex = 1; lastKnownFileType = text.xcconfig; name = "Pods-TrackMe-TrackMeUITests.release.xcconfig"; path = "Target Support Files/Pods-TrackMe-TrackMeUITests/Pods-TrackMe-TrackMeUITests.release.xcconfig"; sourceTree = "<group>"; };
		B608E622A63251A81E378665 /* Pods_TrackMe.framework */ = {isa = PBXFileReference; explicitFileType = wrapper.framework; includeInIndex = 0; path = Pods_TrackMe.framework; sourceTree = BUILT_PRODUCTS_DIR; };
		C0772FF2EF54554349C6111E /* Pods_TrackMe_TrackMeUITests.framework */ = {isa = PBXFileReference; explicitFileType = wrapper.framework; includeInIndex = 0; path = Pods_TrackMe_TrackMeUITests.framework; sourceTree = BUILT_PRODUCTS_DIR; };
		F1533EA5083AFE0E6BD5612A /* Pods-TrackMe-TrackMeUITests.debug.xcconfig */ = {isa = PBXFileReference; includeInIndex = 1; lastKnownFileType = text.xcconfig; name = "Pods-TrackMe-TrackMeUITests.debug.xcconfig"; path = "Target Support Files/Pods-TrackMe-TrackMeUITests/Pods-TrackMe-TrackMeUITests.debug.xcconfig"; sourceTree = "<group>"; };
/* End PBXFileReference section */

/* Begin PBXFrameworksBuildPhase section */
		3E0CF2722648AEED0027B215 /* Frameworks */ = {
			isa = PBXFrameworksBuildPhase;
			buildActionMask = 2147483647;
			files = (
				291040D7FF21779114E8906B /* Pods_TrackMe.framework in Frameworks */,
			);
			runOnlyForDeploymentPostprocessing = 0;
		};
		3E0CF28B2648AEEF0027B215 /* Frameworks */ = {
			isa = PBXFrameworksBuildPhase;
			buildActionMask = 2147483647;
			files = (
				4AAF435E6F33FD2824707683 /* Pods_TrackMeTests.framework in Frameworks */,
			);
			runOnlyForDeploymentPostprocessing = 0;
		};
		3E0CF2962648AEEF0027B215 /* Frameworks */ = {
			isa = PBXFrameworksBuildPhase;
			buildActionMask = 2147483647;
			files = (
				8FE25FCE8CA218D9271AE5BB /* Pods_TrackMe_TrackMeUITests.framework in Frameworks */,
			);
			runOnlyForDeploymentPostprocessing = 0;
		};
/* End PBXFrameworksBuildPhase section */

/* Begin PBXGroup section */
		3E0CF26C2648AEED0027B215 = {
			isa = PBXGroup;
			children = (
				3E0CF2772648AEED0027B215 /* TrackMe */,
				3E0CF2912648AEEF0027B215 /* TrackMeTests */,
				3E0CF29C2648AEEF0027B215 /* TrackMeUITests */,
				3E0CF2762648AEED0027B215 /* Products */,
				3EAA363D18D8A31032272694 /* Pods */,
				8F140629809B99E3E632E8AF /* Frameworks */,
			);
			sourceTree = "<group>";
		};
		3E0CF2762648AEED0027B215 /* Products */ = {
			isa = PBXGroup;
			children = (
				3E0CF2752648AEED0027B215 /* TrackMe.app */,
				3E0CF28E2648AEEF0027B215 /* TrackMeTests.xctest */,
				3E0CF2992648AEEF0027B215 /* TrackMeUITests.xctest */,
			);
			name = Products;
			sourceTree = "<group>";
		};
		3E0CF2772648AEED0027B215 /* TrackMe */ = {
			isa = PBXGroup;
			children = (
				3E0CF2D92648EB670027B215 /* TrackMe.entitlements */,
				3E0CF2892648AEEF0027B215 /* Info.plist */,
				3E0CF2AB2648BDEB0027B215 /* App */,
			);
			path = TrackMe;
			sourceTree = "<group>";
		};
		3E0CF2912648AEEF0027B215 /* TrackMeTests */ = {
			isa = PBXGroup;
			children = (
				3E0CF2922648AEEF0027B215 /* TrackMeTests.swift */,
				3E0CF2942648AEEF0027B215 /* Info.plist */,
			);
			path = TrackMeTests;
			sourceTree = "<group>";
		};
		3E0CF29C2648AEEF0027B215 /* TrackMeUITests */ = {
			isa = PBXGroup;
			children = (
				3E0CF29D2648AEEF0027B215 /* TrackMeUITests.swift */,
				3E0CF29F2648AEEF0027B215 /* Info.plist */,
			);
			path = TrackMeUITests;
			sourceTree = "<group>";
		};
		3E0CF2AB2648BDEB0027B215 /* App */ = {
			isa = PBXGroup;
			children = (
				3E0CF2AC2648BDF30027B215 /* Code */,
			);
			path = App;
			sourceTree = "<group>";
		};
		3E0CF2AC2648BDF30027B215 /* Code */ = {
			isa = PBXGroup;
			children = (
				3E0CF2AF2648BE150027B215 /* Common */,
				3E0CF2AE2648BE040027B215 /* SupportingFiles */,
				3E0CF2AD2648BDFD0027B215 /* Modules */,
			);
			path = Code;
			sourceTree = "<group>";
		};
		3E0CF2AD2648BDFD0027B215 /* Modules */ = {
			isa = PBXGroup;
			children = (
				3E0CF2B22648BF090027B215 /* Register */,
				3E0CF2B02648BE230027B215 /* Login */,
			);
			path = Modules;
			sourceTree = "<group>";
		};
		3E0CF2AE2648BE040027B215 /* SupportingFiles */ = {
			isa = PBXGroup;
			children = (
				3E0CF27C2648AEED0027B215 /* ViewController.swift */,
				3E0CF27E2648AEED0027B215 /* Main.storyboard */,
				3E0CF2862648AEEF0027B215 /* LaunchScreen.storyboard */,
				3E0CF2842648AEEF0027B215 /* Assets.xcassets */,
				3E0CF2782648AEED0027B215 /* AppDelegate.swift */,
			);
			path = SupportingFiles;
			sourceTree = "<group>";
		};
		3E0CF2AF2648BE150027B215 /* Common */ = {
			isa = PBXGroup;
			children = (
				3E0CF2B12648BE6E0027B215 /* DB */,
			);
			path = Common;
			sourceTree = "<group>";
		};
		3E0CF2B02648BE230027B215 /* Login */ = {
			isa = PBXGroup;
			children = (
				3E0CF2D72648C2A10027B215 /* Protocols */,
				3E0CF2D62648C2850027B215 /* DataManager */,
				3E0CF2D52648C2730027B215 /* Router */,
				3E0CF2D42648C26E0027B215 /* Entity */,
				3E0CF2D32648C2680027B215 /* Presenter */,
				3E0CF2D22648C2620027B215 /* Interactor */,
				3E0CF2D12648C25B0027B215 /* View */,
			);
			path = Login;
			sourceTree = "<group>";
		};
		3E0CF2B12648BE6E0027B215 /* DB */ = {
			isa = PBXGroup;
			children = (
				3E0CF2812648AEED0027B215 /* TrackMe.xcdatamodeld */,
			);
			path = DB;
			sourceTree = "<group>";
		};
		3E0CF2B22648BF090027B215 /* Register */ = {
			isa = PBXGroup;
			children = (
			);
			path = Register;
			sourceTree = "<group>";
		};
		3E0CF2D12648C25B0027B215 /* View */ = {
			isa = PBXGroup;
			children = (
				3E0CF2B32648BF310027B215 /* LoginStoryboard.storyboard */,
				3E0CF2C72648C2120027B215 /* LoginView.swift */,
			);
			path = View;
			sourceTree = "<group>";
		};
		3E0CF2D22648C2620027B215 /* Interactor */ = {
			isa = PBXGroup;
			children = (
				3E0CF2C62648C2120027B215 /* LoginInteractor.swift */,
			);
			path = Interactor;
			sourceTree = "<group>";
		};
		3E0CF2D32648C2680027B215 /* Presenter */ = {
			isa = PBXGroup;
			children = (
				3E0CF2C32648C2120027B215 /* LoginPresenter.swift */,
			);
			path = Presenter;
			sourceTree = "<group>";
		};
		3E0CF2D42648C26E0027B215 /* Entity */ = {
			isa = PBXGroup;
			children = (
			);
			path = Entity;
			sourceTree = "<group>";
		};
		3E0CF2D52648C2730027B215 /* Router */ = {
			isa = PBXGroup;
			children = (
				3E0CF2C92648C2120027B215 /* LoginWireFrame.swift */,
			);
			path = Router;
			sourceTree = "<group>";
		};
		3E0CF2D62648C2850027B215 /* DataManager */ = {
			isa = PBXGroup;
			children = (
				3E0CF2C82648C2120027B215 /* LoginRemoteDataManager.swift */,
				3E0CF2C42648C2120027B215 /* LoginLocalDataManager.swift */,
			);
			path = DataManager;
			sourceTree = "<group>";
		};
		3E0CF2D72648C2A10027B215 /* Protocols */ = {
			isa = PBXGroup;
			children = (
				3E0CF2C52648C2120027B215 /* LoginProtocols.swift */,
			);
			path = Protocols;
			sourceTree = "<group>";
		};
		3EAA363D18D8A31032272694 /* Pods */ = {
			isa = PBXGroup;
			children = (
				4F6397003BFAB88E90E8E75F /* Pods-TrackMe.debug.xcconfig */,
				88C4809DF6F61E67B396E257 /* Pods-TrackMe.release.xcconfig */,
				F1533EA5083AFE0E6BD5612A /* Pods-TrackMe-TrackMeUITests.debug.xcconfig */,
				8D7C2D10AF6A9844F8323C91 /* Pods-TrackMe-TrackMeUITests.release.xcconfig */,
				3AE316CD1AC0C2BF76C43C89 /* Pods-TrackMeTests.debug.xcconfig */,
				1FBB08F71B3FF4ECAB8803E9 /* Pods-TrackMeTests.release.xcconfig */,
			);
			path = Pods;
			sourceTree = "<group>";
		};
		8F140629809B99E3E632E8AF /* Frameworks */ = {
			isa = PBXGroup;
			children = (
				B608E622A63251A81E378665 /* Pods_TrackMe.framework */,
				C0772FF2EF54554349C6111E /* Pods_TrackMe_TrackMeUITests.framework */,
				6C3E09C0C4722C9755DC70BB /* Pods_TrackMeTests.framework */,
			);
			name = Frameworks;
			sourceTree = "<group>";
		};
/* End PBXGroup section */

/* Begin PBXNativeTarget section */
		3E0CF2742648AEED0027B215 /* TrackMe */ = {
			isa = PBXNativeTarget;
			buildConfigurationList = 3E0CF2A22648AEEF0027B215 /* Build configuration list for PBXNativeTarget "TrackMe" */;
			buildPhases = (
				80083A3F431087F6EE77FE99 /* [CP] Check Pods Manifest.lock */,
				3E0CF2712648AEED0027B215 /* Sources */,
				3E0CF2722648AEED0027B215 /* Frameworks */,
				3E0CF2732648AEED0027B215 /* Resources */,
				A7EDD15CCB6DA3E9C264F10C /* [CP] Embed Pods Frameworks */,
			);
			buildRules = (
			);
			dependencies = (
			);
			name = TrackMe;
			productName = TrackMe;
			productReference = 3E0CF2752648AEED0027B215 /* TrackMe.app */;
			productType = "com.apple.product-type.application";
		};
		3E0CF28D2648AEEF0027B215 /* TrackMeTests */ = {
			isa = PBXNativeTarget;
			buildConfigurationList = 3E0CF2A52648AEEF0027B215 /* Build configuration list for PBXNativeTarget "TrackMeTests" */;
			buildPhases = (
				8C341A78F63E4357EC5D07DD /* [CP] Check Pods Manifest.lock */,
				3E0CF28A2648AEEF0027B215 /* Sources */,
				3E0CF28B2648AEEF0027B215 /* Frameworks */,
				3E0CF28C2648AEEF0027B215 /* Resources */,
			);
			buildRules = (
			);
			dependencies = (
				3E0CF2902648AEEF0027B215 /* PBXTargetDependency */,
			);
			name = TrackMeTests;
			productName = TrackMeTests;
			productReference = 3E0CF28E2648AEEF0027B215 /* TrackMeTests.xctest */;
			productType = "com.apple.product-type.bundle.unit-test";
		};
		3E0CF2982648AEEF0027B215 /* TrackMeUITests */ = {
			isa = PBXNativeTarget;
			buildConfigurationList = 3E0CF2A82648AEEF0027B215 /* Build configuration list for PBXNativeTarget "TrackMeUITests" */;
			buildPhases = (
				663C41D4468F6FE1E2980A4B /* [CP] Check Pods Manifest.lock */,
				3E0CF2952648AEEF0027B215 /* Sources */,
				3E0CF2962648AEEF0027B215 /* Frameworks */,
				3E0CF2972648AEEF0027B215 /* Resources */,
				90C3D454EEB68502D38802C4 /* [CP] Embed Pods Frameworks */,
			);
			buildRules = (
			);
			dependencies = (
				3E0CF29B2648AEEF0027B215 /* PBXTargetDependency */,
			);
			name = TrackMeUITests;
			productName = TrackMeUITests;
			productReference = 3E0CF2992648AEEF0027B215 /* TrackMeUITests.xctest */;
			productType = "com.apple.product-type.bundle.ui-testing";
		};
/* End PBXNativeTarget section */

/* Begin PBXProject section */
		3E0CF26D2648AEED0027B215 /* Project object */ = {
			isa = PBXProject;
			attributes = {
				LastSwiftUpdateCheck = 1250;
				LastUpgradeCheck = 1250;
				TargetAttributes = {
					3E0CF2742648AEED0027B215 = {
						CreatedOnToolsVersion = 12.5;
					};
					3E0CF28D2648AEEF0027B215 = {
						CreatedOnToolsVersion = 12.5;
						TestTargetID = 3E0CF2742648AEED0027B215;
					};
					3E0CF2982648AEEF0027B215 = {
						CreatedOnToolsVersion = 12.5;
						TestTargetID = 3E0CF2742648AEED0027B215;
					};
				};
			};
			buildConfigurationList = 3E0CF2702648AEED0027B215 /* Build configuration list for PBXProject "TrackMe" */;
			compatibilityVersion = "Xcode 9.3";
			developmentRegion = en;
			hasScannedForEncodings = 0;
			knownRegions = (
				en,
				Base,
			);
			mainGroup = 3E0CF26C2648AEED0027B215;
			productRefGroup = 3E0CF2762648AEED0027B215 /* Products */;
			projectDirPath = "";
			projectRoot = "";
			targets = (
				3E0CF2742648AEED0027B215 /* TrackMe */,
				3E0CF28D2648AEEF0027B215 /* TrackMeTests */,
				3E0CF2982648AEEF0027B215 /* TrackMeUITests */,
			);
		};
/* End PBXProject section */

/* Begin PBXResourcesBuildPhase section */
		3E0CF2732648AEED0027B215 /* Resources */ = {
			isa = PBXResourcesBuildPhase;
			buildActionMask = 2147483647;
			files = (
				3E0CF2882648AEEF0027B215 /* LaunchScreen.storyboard in Resources */,
				3E0CF2852648AEEF0027B215 /* Assets.xcassets in Resources */,
				3E0CF2802648AEED0027B215 /* Main.storyboard in Resources */,
				3E0CF2B42648BF310027B215 /* LoginStoryboard.storyboard in Resources */,
			);
			runOnlyForDeploymentPostprocessing = 0;
		};
		3E0CF28C2648AEEF0027B215 /* Resources */ = {
			isa = PBXResourcesBuildPhase;
			buildActionMask = 2147483647;
			files = (
			);
			runOnlyForDeploymentPostprocessing = 0;
		};
		3E0CF2972648AEEF0027B215 /* Resources */ = {
			isa = PBXResourcesBuildPhase;
			buildActionMask = 2147483647;
			files = (
			);
			runOnlyForDeploymentPostprocessing = 0;
		};
/* End PBXResourcesBuildPhase section */

/* Begin PBXShellScriptBuildPhase section */
		663C41D4468F6FE1E2980A4B /* [CP] Check Pods Manifest.lock */ = {
			isa = PBXShellScriptBuildPhase;
			buildActionMask = 2147483647;
			files = (
			);
			inputFileListPaths = (
			);
			inputPaths = (
				"${PODS_PODFILE_DIR_PATH}/Podfile.lock",
				"${PODS_ROOT}/Manifest.lock",
			);
			name = "[CP] Check Pods Manifest.lock";
			outputFileListPaths = (
			);
			outputPaths = (
				"$(DERIVED_FILE_DIR)/Pods-TrackMe-TrackMeUITests-checkManifestLockResult.txt",
			);
			runOnlyForDeploymentPostprocessing = 0;
			shellPath = /bin/sh;
			shellScript = "diff \"${PODS_PODFILE_DIR_PATH}/Podfile.lock\" \"${PODS_ROOT}/Manifest.lock\" > /dev/null\nif [ $? != 0 ] ; then\n    # print error to STDERR\n    echo \"error: The sandbox is not in sync with the Podfile.lock. Run 'pod install' or update your CocoaPods installation.\" >&2\n    exit 1\nfi\n# This output is used by Xcode 'outputs' to avoid re-running this script phase.\necho \"SUCCESS\" > \"${SCRIPT_OUTPUT_FILE_0}\"\n";
			showEnvVarsInLog = 0;
		};
		80083A3F431087F6EE77FE99 /* [CP] Check Pods Manifest.lock */ = {
			isa = PBXShellScriptBuildPhase;
			buildActionMask = 2147483647;
			files = (
			);
			inputFileListPaths = (
			);
			inputPaths = (
				"${PODS_PODFILE_DIR_PATH}/Podfile.lock",
				"${PODS_ROOT}/Manifest.lock",
			);
			name = "[CP] Check Pods Manifest.lock";
			outputFileListPaths = (
			);
			outputPaths = (
				"$(DERIVED_FILE_DIR)/Pods-TrackMe-checkManifestLockResult.txt",
			);
			runOnlyForDeploymentPostprocessing = 0;
			shellPath = /bin/sh;
			shellScript = "diff \"${PODS_PODFILE_DIR_PATH}/Podfile.lock\" \"${PODS_ROOT}/Manifest.lock\" > /dev/null\nif [ $? != 0 ] ; then\n    # print error to STDERR\n    echo \"error: The sandbox is not in sync with the Podfile.lock. Run 'pod install' or update your CocoaPods installation.\" >&2\n    exit 1\nfi\n# This output is used by Xcode 'outputs' to avoid re-running this script phase.\necho \"SUCCESS\" > \"${SCRIPT_OUTPUT_FILE_0}\"\n";
			showEnvVarsInLog = 0;
		};
		8C341A78F63E4357EC5D07DD /* [CP] Check Pods Manifest.lock */ = {
			isa = PBXShellScriptBuildPhase;
			buildActionMask = 2147483647;
			files = (
			);
			inputFileListPaths = (
			);
			inputPaths = (
				"${PODS_PODFILE_DIR_PATH}/Podfile.lock",
				"${PODS_ROOT}/Manifest.lock",
			);
			name = "[CP] Check Pods Manifest.lock";
			outputFileListPaths = (
			);
			outputPaths = (
				"$(DERIVED_FILE_DIR)/Pods-TrackMeTests-checkManifestLockResult.txt",
			);
			runOnlyForDeploymentPostprocessing = 0;
			shellPath = /bin/sh;
			shellScript = "diff \"${PODS_PODFILE_DIR_PATH}/Podfile.lock\" \"${PODS_ROOT}/Manifest.lock\" > /dev/null\nif [ $? != 0 ] ; then\n    # print error to STDERR\n    echo \"error: The sandbox is not in sync with the Podfile.lock. Run 'pod install' or update your CocoaPods installation.\" >&2\n    exit 1\nfi\n# This output is used by Xcode 'outputs' to avoid re-running this script phase.\necho \"SUCCESS\" > \"${SCRIPT_OUTPUT_FILE_0}\"\n";
			showEnvVarsInLog = 0;
		};
		90C3D454EEB68502D38802C4 /* [CP] Embed Pods Frameworks */ = {
			isa = PBXShellScriptBuildPhase;
			buildActionMask = 2147483647;
			files = (
			);
			inputFileListPaths = (
				"${PODS_ROOT}/Target Support Files/Pods-TrackMe-TrackMeUITests/Pods-TrackMe-TrackMeUITests-frameworks-${CONFIGURATION}-input-files.xcfilelist",
			);
			name = "[CP] Embed Pods Frameworks";
			outputFileListPaths = (
				"${PODS_ROOT}/Target Support Files/Pods-TrackMe-TrackMeUITests/Pods-TrackMe-TrackMeUITests-frameworks-${CONFIGURATION}-output-files.xcfilelist",
			);
			runOnlyForDeploymentPostprocessing = 0;
			shellPath = /bin/sh;
			shellScript = "\"${PODS_ROOT}/Target Support Files/Pods-TrackMe-TrackMeUITests/Pods-TrackMe-TrackMeUITests-frameworks.sh\"\n";
			showEnvVarsInLog = 0;
		};
		A7EDD15CCB6DA3E9C264F10C /* [CP] Embed Pods Frameworks */ = {
			isa = PBXShellScriptBuildPhase;
			buildActionMask = 2147483647;
			files = (
			);
			inputFileListPaths = (
				"${PODS_ROOT}/Target Support Files/Pods-TrackMe/Pods-TrackMe-frameworks-${CONFIGURATION}-input-files.xcfilelist",
			);
			name = "[CP] Embed Pods Frameworks";
			outputFileListPaths = (
				"${PODS_ROOT}/Target Support Files/Pods-TrackMe/Pods-TrackMe-frameworks-${CONFIGURATION}-output-files.xcfilelist",
			);
			runOnlyForDeploymentPostprocessing = 0;
			shellPath = /bin/sh;
			shellScript = "\"${PODS_ROOT}/Target Support Files/Pods-TrackMe/Pods-TrackMe-frameworks.sh\"\n";
			showEnvVarsInLog = 0;
		};
/* End PBXShellScriptBuildPhase section */

/* Begin PBXSourcesBuildPhase section */
		3E0CF2712648AEED0027B215 /* Sources */ = {
			isa = PBXSourcesBuildPhase;
			buildActionMask = 2147483647;
			files = (
				3E0CF2CA2648C2120027B215 /* LoginPresenter.swift in Sources */,
				3E0CF27D2648AEED0027B215 /* ViewController.swift in Sources */,
				3E0CF2CD2648C2120027B215 /* LoginInteractor.swift in Sources */,
				3E0CF2792648AEED0027B215 /* AppDelegate.swift in Sources */,
				3E0CF2D02648C2120027B215 /* LoginWireFrame.swift in Sources */,
				3E0CF2CC2648C2120027B215 /* LoginProtocols.swift in Sources */,
				3E0CF2832648AEED0027B215 /* TrackMe.xcdatamodeld in Sources */,
				3E0CF2CE2648C2120027B215 /* LoginView.swift in Sources */,
				3E0CF2CB2648C2120027B215 /* LoginLocalDataManager.swift in Sources */,
				3E0CF2CF2648C2120027B215 /* LoginRemoteDataManager.swift in Sources */,
			);
			runOnlyForDeploymentPostprocessing = 0;
		};
		3E0CF28A2648AEEF0027B215 /* Sources */ = {
			isa = PBXSourcesBuildPhase;
			buildActionMask = 2147483647;
			files = (
				3E0CF2932648AEEF0027B215 /* TrackMeTests.swift in Sources */,
			);
			runOnlyForDeploymentPostprocessing = 0;
		};
		3E0CF2952648AEEF0027B215 /* Sources */ = {
			isa = PBXSourcesBuildPhase;
			buildActionMask = 2147483647;
			files = (
				3E0CF29E2648AEEF0027B215 /* TrackMeUITests.swift in Sources */,
			);
			runOnlyForDeploymentPostprocessing = 0;
		};
/* End PBXSourcesBuildPhase section */

/* Begin PBXTargetDependency section */
		3E0CF2902648AEEF0027B215 /* PBXTargetDependency */ = {
			isa = PBXTargetDependency;
			target = 3E0CF2742648AEED0027B215 /* TrackMe */;
			targetProxy = 3E0CF28F2648AEEF0027B215 /* PBXContainerItemProxy */;
		};
		3E0CF29B2648AEEF0027B215 /* PBXTargetDependency */ = {
			isa = PBXTargetDependency;
			target = 3E0CF2742648AEED0027B215 /* TrackMe */;
			targetProxy = 3E0CF29A2648AEEF0027B215 /* PBXContainerItemProxy */;
		};
/* End PBXTargetDependency section */

/* Begin PBXVariantGroup section */
		3E0CF27E2648AEED0027B215 /* Main.storyboard */ = {
			isa = PBXVariantGroup;
			children = (
				3E0CF27F2648AEED0027B215 /* Base */,
			);
			name = Main.storyboard;
			sourceTree = "<group>";
		};
		3E0CF2862648AEEF0027B215 /* LaunchScreen.storyboard */ = {
			isa = PBXVariantGroup;
			children = (
				3E0CF2872648AEEF0027B215 /* Base */,
			);
			name = LaunchScreen.storyboard;
			sourceTree = "<group>";
		};
/* End PBXVariantGroup section */

/* Begin XCBuildConfiguration section */
		3E0CF2A02648AEEF0027B215 /* Debug */ = {
			isa = XCBuildConfiguration;
			buildSettings = {
				ALWAYS_SEARCH_USER_PATHS = NO;
				CLANG_ANALYZER_NONNULL = YES;
				CLANG_ANALYZER_NUMBER_OBJECT_CONVERSION = YES_AGGRESSIVE;
				CLANG_CXX_LANGUAGE_STANDARD = "gnu++14";
				CLANG_CXX_LIBRARY = "libc++";
				CLANG_ENABLE_MODULES = YES;
				CLANG_ENABLE_OBJC_ARC = YES;
				CLANG_ENABLE_OBJC_WEAK = YES;
				CLANG_WARN_BLOCK_CAPTURE_AUTORELEASING = YES;
				CLANG_WARN_BOOL_CONVERSION = YES;
				CLANG_WARN_COMMA = YES;
				CLANG_WARN_CONSTANT_CONVERSION = YES;
				CLANG_WARN_DEPRECATED_OBJC_IMPLEMENTATIONS = YES;
				CLANG_WARN_DIRECT_OBJC_ISA_USAGE = YES_ERROR;
				CLANG_WARN_DOCUMENTATION_COMMENTS = YES;
				CLANG_WARN_EMPTY_BODY = YES;
				CLANG_WARN_ENUM_CONVERSION = YES;
				CLANG_WARN_INFINITE_RECURSION = YES;
				CLANG_WARN_INT_CONVERSION = YES;
				CLANG_WARN_NON_LITERAL_NULL_CONVERSION = YES;
				CLANG_WARN_OBJC_IMPLICIT_RETAIN_SELF = YES;
				CLANG_WARN_OBJC_LITERAL_CONVERSION = YES;
				CLANG_WARN_OBJC_ROOT_CLASS = YES_ERROR;
				CLANG_WARN_QUOTED_INCLUDE_IN_FRAMEWORK_HEADER = YES;
				CLANG_WARN_RANGE_LOOP_ANALYSIS = YES;
				CLANG_WARN_STRICT_PROTOTYPES = YES;
				CLANG_WARN_SUSPICIOUS_MOVE = YES;
				CLANG_WARN_UNGUARDED_AVAILABILITY = YES_AGGRESSIVE;
				CLANG_WARN_UNREACHABLE_CODE = YES;
				CLANG_WARN__DUPLICATE_METHOD_MATCH = YES;
				COPY_PHASE_STRIP = NO;
				DEBUG_INFORMATION_FORMAT = dwarf;
				ENABLE_STRICT_OBJC_MSGSEND = YES;
				ENABLE_TESTABILITY = YES;
				GCC_C_LANGUAGE_STANDARD = gnu11;
				GCC_DYNAMIC_NO_PIC = NO;
				GCC_NO_COMMON_BLOCKS = YES;
				GCC_OPTIMIZATION_LEVEL = 0;
				GCC_PREPROCESSOR_DEFINITIONS = (
					"DEBUG=1",
					"$(inherited)",
				);
				GCC_WARN_64_TO_32_BIT_CONVERSION = YES;
				GCC_WARN_ABOUT_RETURN_TYPE = YES_ERROR;
				GCC_WARN_UNDECLARED_SELECTOR = YES;
				GCC_WARN_UNINITIALIZED_AUTOS = YES_AGGRESSIVE;
				GCC_WARN_UNUSED_FUNCTION = YES;
				GCC_WARN_UNUSED_VARIABLE = YES;
				IPHONEOS_DEPLOYMENT_TARGET = 14.5;
				MTL_ENABLE_DEBUG_INFO = INCLUDE_SOURCE;
				MTL_FAST_MATH = YES;
				ONLY_ACTIVE_ARCH = YES;
				SDKROOT = iphoneos;
				SWIFT_ACTIVE_COMPILATION_CONDITIONS = DEBUG;
				SWIFT_OPTIMIZATION_LEVEL = "-Onone";
			};
			name = Debug;
		};
		3E0CF2A12648AEEF0027B215 /* Release */ = {
			isa = XCBuildConfiguration;
			buildSettings = {
				ALWAYS_SEARCH_USER_PATHS = NO;
				CLANG_ANALYZER_NONNULL = YES;
				CLANG_ANALYZER_NUMBER_OBJECT_CONVERSION = YES_AGGRESSIVE;
				CLANG_CXX_LANGUAGE_STANDARD = "gnu++14";
				CLANG_CXX_LIBRARY = "libc++";
				CLANG_ENABLE_MODULES = YES;
				CLANG_ENABLE_OBJC_ARC = YES;
				CLANG_ENABLE_OBJC_WEAK = YES;
				CLANG_WARN_BLOCK_CAPTURE_AUTORELEASING = YES;
				CLANG_WARN_BOOL_CONVERSION = YES;
				CLANG_WARN_COMMA = YES;
				CLANG_WARN_CONSTANT_CONVERSION = YES;
				CLANG_WARN_DEPRECATED_OBJC_IMPLEMENTATIONS = YES;
				CLANG_WARN_DIRECT_OBJC_ISA_USAGE = YES_ERROR;
				CLANG_WARN_DOCUMENTATION_COMMENTS = YES;
				CLANG_WARN_EMPTY_BODY = YES;
				CLANG_WARN_ENUM_CONVERSION = YES;
				CLANG_WARN_INFINITE_RECURSION = YES;
				CLANG_WARN_INT_CONVERSION = YES;
				CLANG_WARN_NON_LITERAL_NULL_CONVERSION = YES;
				CLANG_WARN_OBJC_IMPLICIT_RETAIN_SELF = YES;
				CLANG_WARN_OBJC_LITERAL_CONVERSION = YES;
				CLANG_WARN_OBJC_ROOT_CLASS = YES_ERROR;
				CLANG_WARN_QUOTED_INCLUDE_IN_FRAMEWORK_HEADER = YES;
				CLANG_WARN_RANGE_LOOP_ANALYSIS = YES;
				CLANG_WARN_STRICT_PROTOTYPES = YES;
				CLANG_WARN_SUSPICIOUS_MOVE = YES;
				CLANG_WARN_UNGUARDED_AVAILABILITY = YES_AGGRESSIVE;
				CLANG_WARN_UNREACHABLE_CODE = YES;
				CLANG_WARN__DUPLICATE_METHOD_MATCH = YES;
				COPY_PHASE_STRIP = NO;
				DEBUG_INFORMATION_FORMAT = "dwarf-with-dsym";
				ENABLE_NS_ASSERTIONS = NO;
				ENABLE_STRICT_OBJC_MSGSEND = YES;
				GCC_C_LANGUAGE_STANDARD = gnu11;
				GCC_NO_COMMON_BLOCKS = YES;
				GCC_WARN_64_TO_32_BIT_CONVERSION = YES;
				GCC_WARN_ABOUT_RETURN_TYPE = YES_ERROR;
				GCC_WARN_UNDECLARED_SELECTOR = YES;
				GCC_WARN_UNINITIALIZED_AUTOS = YES_AGGRESSIVE;
				GCC_WARN_UNUSED_FUNCTION = YES;
				GCC_WARN_UNUSED_VARIABLE = YES;
				IPHONEOS_DEPLOYMENT_TARGET = 14.5;
				MTL_ENABLE_DEBUG_INFO = NO;
				MTL_FAST_MATH = YES;
				SDKROOT = iphoneos;
				SWIFT_COMPILATION_MODE = wholemodule;
				SWIFT_OPTIMIZATION_LEVEL = "-O";
				VALIDATE_PRODUCT = YES;
			};
			name = Release;
		};
		3E0CF2A32648AEEF0027B215 /* Debug */ = {
			isa = XCBuildConfiguration;
			baseConfigurationReference = 4F6397003BFAB88E90E8E75F /* Pods-TrackMe.debug.xcconfig */;
			buildSettings = {
				ASSETCATALOG_COMPILER_APPICON_NAME = AppIcon;
				ASSETCATALOG_COMPILER_GLOBAL_ACCENT_COLOR_NAME = AccentColor;
				CODE_SIGN_ENTITLEMENTS = TrackMe/TrackMe.entitlements;
				CODE_SIGN_STYLE = Automatic;
				DEVELOPMENT_TEAM = 3T9SZTCQ53;
				INFOPLIST_FILE = TrackMe/Info.plist;
				LD_RUNPATH_SEARCH_PATHS = (
					"$(inherited)",
					"@executable_path/Frameworks",
				);
				PRODUCT_BUNDLE_IDENTIFIER = com.krloxzs.trackme.TrackMe;
				PRODUCT_NAME = "$(TARGET_NAME)";
				SWIFT_VERSION = 5.0;
				TARGETED_DEVICE_FAMILY = "1,2";
			};
			name = Debug;
		};
		3E0CF2A42648AEEF0027B215 /* Release */ = {
			isa = XCBuildConfiguration;
			baseConfigurationReference = 88C4809DF6F61E67B396E257 /* Pods-TrackMe.release.xcconfig */;
			buildSettings = {
				ASSETCATALOG_COMPILER_APPICON_NAME = AppIcon;
				ASSETCATALOG_COMPILER_GLOBAL_ACCENT_COLOR_NAME = AccentColor;
				CODE_SIGN_ENTITLEMENTS = TrackMe/TrackMe.entitlements;
				CODE_SIGN_STYLE = Automatic;
				DEVELOPMENT_TEAM = 3T9SZTCQ53;
				INFOPLIST_FILE = TrackMe/Info.plist;
				LD_RUNPATH_SEARCH_PATHS = (
					"$(inherited)",
					"@executable_path/Frameworks",
				);
				PRODUCT_BUNDLE_IDENTIFIER = com.krloxzs.trackme.TrackMe;
				PRODUCT_NAME = "$(TARGET_NAME)";
				SWIFT_VERSION = 5.0;
				TARGETED_DEVICE_FAMILY = "1,2";
			};
			name = Release;
		};
		3E0CF2A62648AEEF0027B215 /* Debug */ = {
			isa = XCBuildConfiguration;
			baseConfigurationReference = 3AE316CD1AC0C2BF76C43C89 /* Pods-TrackMeTests.debug.xcconfig */;
			buildSettings = {
				ALWAYS_EMBED_SWIFT_STANDARD_LIBRARIES = YES;
				BUNDLE_LOADER = "$(TEST_HOST)";
				CODE_SIGN_STYLE = Automatic;
				DEVELOPMENT_TEAM = 3T9SZTCQ53;
				INFOPLIST_FILE = TrackMeTests/Info.plist;
				IPHONEOS_DEPLOYMENT_TARGET = 14.5;
				LD_RUNPATH_SEARCH_PATHS = (
					"$(inherited)",
					"@executable_path/Frameworks",
					"@loader_path/Frameworks",
				);
				PRODUCT_BUNDLE_IDENTIFIER = com.krloxzs.trackme.TrackMeTests;
				PRODUCT_NAME = "$(TARGET_NAME)";
				SWIFT_VERSION = 5.0;
				TARGETED_DEVICE_FAMILY = "1,2";
				TEST_HOST = "$(BUILT_PRODUCTS_DIR)/TrackMe.app/TrackMe";
			};
			name = Debug;
		};
		3E0CF2A72648AEEF0027B215 /* Release */ = {
			isa = XCBuildConfiguration;
			baseConfigurationReference = 1FBB08F71B3FF4ECAB8803E9 /* Pods-TrackMeTests.release.xcconfig */;
			buildSettings = {
				ALWAYS_EMBED_SWIFT_STANDARD_LIBRARIES = YES;
				BUNDLE_LOADER = "$(TEST_HOST)";
				CODE_SIGN_STYLE = Automatic;
				DEVELOPMENT_TEAM = 3T9SZTCQ53;
				INFOPLIST_FILE = TrackMeTests/Info.plist;
				IPHONEOS_DEPLOYMENT_TARGET = 14.5;
				LD_RUNPATH_SEARCH_PATHS = (
					"$(inherited)",
					"@executable_path/Frameworks",
					"@loader_path/Frameworks",
				);
				PRODUCT_BUNDLE_IDENTIFIER = com.krloxzs.trackme.TrackMeTests;
				PRODUCT_NAME = "$(TARGET_NAME)";
				SWIFT_VERSION = 5.0;
				TARGETED_DEVICE_FAMILY = "1,2";
				TEST_HOST = "$(BUILT_PRODUCTS_DIR)/TrackMe.app/TrackMe";
			};
			name = Release;
		};
		3E0CF2A92648AEEF0027B215 /* Debug */ = {
			isa = XCBuildConfiguration;
			baseConfigurationReference = F1533EA5083AFE0E6BD5612A /* Pods-TrackMe-TrackMeUITests.debug.xcconfig */;
			buildSettings = {
				ALWAYS_EMBED_SWIFT_STANDARD_LIBRARIES = YES;
				CODE_SIGN_STYLE = Automatic;
				DEVELOPMENT_TEAM = 3T9SZTCQ53;
				INFOPLIST_FILE = TrackMeUITests/Info.plist;
				LD_RUNPATH_SEARCH_PATHS = (
					"$(inherited)",
					"@executable_path/Frameworks",
					"@loader_path/Frameworks",
				);
				PRODUCT_BUNDLE_IDENTIFIER = com.krloxzs.trackme.TrackMeUITests;
				PRODUCT_NAME = "$(TARGET_NAME)";
				SWIFT_VERSION = 5.0;
				TARGETED_DEVICE_FAMILY = "1,2";
				TEST_TARGET_NAME = TrackMe;
			};
			name = Debug;
		};
		3E0CF2AA2648AEEF0027B215 /* Release */ = {
			isa = XCBuildConfiguration;
			baseConfigurationReference = 8D7C2D10AF6A9844F8323C91 /* Pods-TrackMe-TrackMeUITests.release.xcconfig */;
			buildSettings = {
				ALWAYS_EMBED_SWIFT_STANDARD_LIBRARIES = YES;
				CODE_SIGN_STYLE = Automatic;
				DEVELOPMENT_TEAM = 3T9SZTCQ53;
				INFOPLIST_FILE = TrackMeUITests/Info.plist;
				LD_RUNPATH_SEARCH_PATHS = (
					"$(inherited)",
					"@executable_path/Frameworks",
					"@loader_path/Frameworks",
				);
				PRODUCT_BUNDLE_IDENTIFIER = com.krloxzs.trackme.TrackMeUITests;
				PRODUCT_NAME = "$(TARGET_NAME)";
				SWIFT_VERSION = 5.0;
				TARGETED_DEVICE_FAMILY = "1,2";
				TEST_TARGET_NAME = TrackMe;
			};
			name = Release;
		};
/* End XCBuildConfiguration section */

/* Begin XCConfigurationList section */
		3E0CF2702648AEED0027B215 /* Build configuration list for PBXProject "TrackMe" */ = {
			isa = XCConfigurationList;
			buildConfigurations = (
				3E0CF2A02648AEEF0027B215 /* Debug */,
				3E0CF2A12648AEEF0027B215 /* Release */,
			);
			defaultConfigurationIsVisible = 0;
			defaultConfigurationName = Release;
		};
		3E0CF2A22648AEEF0027B215 /* Build configuration list for PBXNativeTarget "TrackMe" */ = {
			isa = XCConfigurationList;
			buildConfigurations = (
				3E0CF2A32648AEEF0027B215 /* Debug */,
				3E0CF2A42648AEEF0027B215 /* Release */,
			);
			defaultConfigurationIsVisible = 0;
			defaultConfigurationName = Release;
		};
		3E0CF2A52648AEEF0027B215 /* Build configuration list for PBXNativeTarget "TrackMeTests" */ = {
			isa = XCConfigurationList;
			buildConfigurations = (
				3E0CF2A62648AEEF0027B215 /* Debug */,
				3E0CF2A72648AEEF0027B215 /* Release */,
			);
			defaultConfigurationIsVisible = 0;
			defaultConfigurationName = Release;
		};
		3E0CF2A82648AEEF0027B215 /* Build configuration list for PBXNativeTarget "TrackMeUITests" */ = {
			isa = XCConfigurationList;
			buildConfigurations = (
				3E0CF2A92648AEEF0027B215 /* Debug */,
				3E0CF2AA2648AEEF0027B215 /* Release */,
			);
			defaultConfigurationIsVisible = 0;
			defaultConfigurationName = Release;
		};
/* End XCConfigurationList section */

/* Begin XCVersionGroup section */
		3E0CF2812648AEED0027B215 /* TrackMe.xcdatamodeld */ = {
			isa = XCVersionGroup;
			children = (
				3E0CF2822648AEED0027B215 /* TrackMe.xcdatamodel */,
			);
			currentVersion = 3E0CF2822648AEED0027B215 /* TrackMe.xcdatamodel */;
			path = TrackMe.xcdatamodeld;
			sourceTree = "<group>";
			versionGroupType = wrapper.xcdatamodel;
		};
/* End XCVersionGroup section */
	};
	rootObject = 3E0CF26D2648AEED0027B215 /* Project object */;
}
