PODS:
  - KeychainSwift (19.0.0)
  - MBProgressHUD (1.2.0)
  - NSLogger/ObjC (1.9.7)
  - NSLogger/Swift (1.9.7):
    - NSLogger/ObjC
  - SPAlert (3.0.7)
  - TPKeyboardAvoidingSwift (3.2)

DEPENDENCIES:
  - KeychainSwift (~> 19.0)
  - MBProgressHUD (~> 1.2.0)
  - NSLogger/Swift
  - SPAlert
  - TPKeyboardAvoidingSwift

SPEC REPOS:
  trunk:
    - KeychainSwift
    - MBProgressHUD
    - NSLogger
    - SPAlert
    - TPKeyboardAvoidingSwift

SPEC CHECKSUMS:
  KeychainSwift: a06190cf933ad46b1e0abc3d77d29c06331715c7
  MBProgressHUD: 3ee5efcc380f6a79a7cc9b363dd669c5e1ae7406
  NSLogger: cf3013a4fba189f631f07e6c3d5b8ce2b209654b
  SPAlert: 5993dcf4f741001b65143066b53c3ad9b5ad0f0b
  TPKeyboardAvoidingSwift: ce1a75e0bc3af6b485f8bfa1d0a8320cfc565851

PODFILE CHECKSUM: fd5a56fc74020887cd62dc2ccb48bc569019744f

COCOAPODS: 1.10.1
